
Microsoft Visual Studio Solution File, Format Version 12.00
# Visual Studio Version 16
VisualStudioVersion = 16.0.30011.22
MinimumVisualStudioVersion = 10.0.40219.1
Project("{FAE04EC0-301F-11D3-BF4B-00C04F79EFBC}") = "FoleyCommaDelimter", "FoleyCommaDelimter.csproj", "{4C0C67FE-E781-4617-861F-E5C03A295C78}"
EndProject
Global
	GlobalSection(SolutionConfigurationPlatforms) = preSolution
		Debug|Any CPU = Debug|Any CPU
		Release|Any CPU = Release|Any CPU
	EndGlobalSection
	GlobalSection(ProjectConfigurationPlatforms) = postSolution
		{4C0C67FE-E781-4617-861F-E5C03A295C78}.Debug|Any CPU.ActiveCfg = Debug|Any CPU
		{4C0C67FE-E781-4617-861F-E5C03A295C78}.Debug|Any CPU.Build.0 = Debug|Any CPU
		{4C0C67FE-E781-4617-861F-E5C03A295C78}.Release|Any CPU.ActiveCfg = Release|Any CPU
		{4C0C67FE-E781-4617-861F-E5C03A295C78}.Release|Any CPU.Build.0 = Release|Any CPU
	EndGlobalSection
	GlobalSection(SolutionProperties) = preSolution
		HideSolutionNode = FALSE
	EndGlobalSection
	GlobalSection(ExtensibilityGlobals) = postSolution
		SolutionGuid = {E69D5948-C06C-4CB1-BA85-A2E0DA4B9587}
	EndGlobalSection
EndGlobal
